
Microsoft Visual Studio Solution File, Format Version 12.00
# Visual Studio Version 17
VisualStudioVersion = 17.6.33815.320
MinimumVisualStudioVersion = 10.0.40219.1
Project("{2150E333-8FDC-42A3-9474-1A3956D46DE8}") = "Services", "Services", "{D0ADBF2F-4C3F-47D6-B1A5-B136FC1A8D71}"
EndProject
Project("{2150E333-8FDC-42A3-9474-1A3956D46DE8}") = "WebApps", "WebApps", "{63C26B13-9B5C-45B1-88AE-FCA76C14EDB1}"
EndProject
Project("{2150E333-8FDC-42A3-9474-1A3956D46DE8}") = "Cadastros", "Cadastros", "{AF6141DC-DD9C-4574-B012-55E25D929182}"
EndProject
Project("{2150E333-8FDC-42A3-9474-1A3956D46DE8}") = "Catalogo", "Catalogo", "{26FF32E5-21DD-41C4-B249-1C06564A125E}"
EndProject
Project("{2150E333-8FDC-42A3-9474-1A3956D46DE8}") = "Core", "Core", "{BB9E1FE7-38E4-4932-BAB4-7C0FA52FEF2F}"
EndProject
Project("{2150E333-8FDC-42A3-9474-1A3956D46DE8}") = "Fiscal", "Fiscal", "{74730610-38F6-479B-ACAC-C7E17A1B0C6F}"
EndProject
Project("{2150E333-8FDC-42A3-9474-1A3956D46DE8}") = "Pagamentos", "Pagamentos", "{BE3D2914-8739-4CC0-B30A-C3C3324A69E2}"
EndProject
Project("{2150E333-8FDC-42A3-9474-1A3956D46DE8}") = "Vendas", "Vendas", "{2AD3CDF3-341B-458B-BC68-2E5F745821D1}"
EndProject
Project("{9A19103F-16F7-4668-BE54-9A1E7A4F7556}") = "NerdStore.Catalogo.Domain", "src\NerdStore.Catalogo.Domain\NerdStore.Catalogo.Domain.csproj", "{3D67987C-BD0A-4377-8D76-82C6CBF365F8}"
EndProject
Project("{9A19103F-16F7-4668-BE54-9A1E7A4F7556}") = "NerdStore.Core", "src\NerdStore.Core\NerdStore.Core.csproj", "{3EB6FDC3-F21F-4C62-AC2E-B8F4E98C5D99}"
EndProject
Project("{2150E333-8FDC-42A3-9474-1A3956D46DE8}") = "Tests", "Tests", "{38F8BAFB-B8C0-4BE0-8A57-D16A8F3A1FA6}"
EndProject
Project("{FAE04EC0-301F-11D3-BF4B-00C04F79EFBC}") = "NerdStore.Catalogo.Domain.Tests", "tests\NerdStore.Catalogo.Domain.Tests\NerdStore.Catalogo.Domain.Tests.csproj", "{868BFD0A-CA95-4DF9-90CC-45E39A95AE0D}"
EndProject
Global
	GlobalSection(SolutionConfigurationPlatforms) = preSolution
		Debug|Any CPU = Debug|Any CPU
		Release|Any CPU = Release|Any CPU
	EndGlobalSection
	GlobalSection(ProjectConfigurationPlatforms) = postSolution
		{3D67987C-BD0A-4377-8D76-82C6CBF365F8}.Debug|Any CPU.ActiveCfg = Debug|Any CPU
		{3D67987C-BD0A-4377-8D76-82C6CBF365F8}.Debug|Any CPU.Build.0 = Debug|Any CPU
		{3D67987C-BD0A-4377-8D76-82C6CBF365F8}.Release|Any CPU.ActiveCfg = Release|Any CPU
		{3D67987C-BD0A-4377-8D76-82C6CBF365F8}.Release|Any CPU.Build.0 = Release|Any CPU
		{3EB6FDC3-F21F-4C62-AC2E-B8F4E98C5D99}.Debug|Any CPU.ActiveCfg = Debug|Any CPU
		{3EB6FDC3-F21F-4C62-AC2E-B8F4E98C5D99}.Debug|Any CPU.Build.0 = Debug|Any CPU
		{3EB6FDC3-F21F-4C62-AC2E-B8F4E98C5D99}.Release|Any CPU.ActiveCfg = Release|Any CPU
		{3EB6FDC3-F21F-4C62-AC2E-B8F4E98C5D99}.Release|Any CPU.Build.0 = Release|Any CPU
		{868BFD0A-CA95-4DF9-90CC-45E39A95AE0D}.Debug|Any CPU.ActiveCfg = Debug|Any CPU
		{868BFD0A-CA95-4DF9-90CC-45E39A95AE0D}.Debug|Any CPU.Build.0 = Debug|Any CPU
		{868BFD0A-CA95-4DF9-90CC-45E39A95AE0D}.Release|Any CPU.ActiveCfg = Release|Any CPU
		{868BFD0A-CA95-4DF9-90CC-45E39A95AE0D}.Release|Any CPU.Build.0 = Release|Any CPU
	EndGlobalSection
	GlobalSection(SolutionProperties) = preSolution
		HideSolutionNode = FALSE
	EndGlobalSection
	GlobalSection(NestedProjects) = preSolution
		{AF6141DC-DD9C-4574-B012-55E25D929182} = {D0ADBF2F-4C3F-47D6-B1A5-B136FC1A8D71}
		{26FF32E5-21DD-41C4-B249-1C06564A125E} = {D0ADBF2F-4C3F-47D6-B1A5-B136FC1A8D71}
		{BB9E1FE7-38E4-4932-BAB4-7C0FA52FEF2F} = {D0ADBF2F-4C3F-47D6-B1A5-B136FC1A8D71}
		{74730610-38F6-479B-ACAC-C7E17A1B0C6F} = {D0ADBF2F-4C3F-47D6-B1A5-B136FC1A8D71}
		{BE3D2914-8739-4CC0-B30A-C3C3324A69E2} = {D0ADBF2F-4C3F-47D6-B1A5-B136FC1A8D71}
		{2AD3CDF3-341B-458B-BC68-2E5F745821D1} = {D0ADBF2F-4C3F-47D6-B1A5-B136FC1A8D71}
		{3D67987C-BD0A-4377-8D76-82C6CBF365F8} = {26FF32E5-21DD-41C4-B249-1C06564A125E}
		{3EB6FDC3-F21F-4C62-AC2E-B8F4E98C5D99} = {BB9E1FE7-38E4-4932-BAB4-7C0FA52FEF2F}
		{38F8BAFB-B8C0-4BE0-8A57-D16A8F3A1FA6} = {26FF32E5-21DD-41C4-B249-1C06564A125E}
		{868BFD0A-CA95-4DF9-90CC-45E39A95AE0D} = {38F8BAFB-B8C0-4BE0-8A57-D16A8F3A1FA6}
	EndGlobalSection
	GlobalSection(ExtensibilityGlobals) = postSolution
		SolutionGuid = {9102A8EF-3982-462F-90A5-CC1DB715EC25}
	EndGlobalSection
EndGlobal
